
Microsoft Visual Studio Solution File, Format Version 12.00
# Visual Studio 15
Project("{FAE04EC0-301F-11D3-BF4B-00C04F79EFBC}") = "graphy-master", "graphy-master.csproj", "{FB34EA7F-1D0F-F959-3DDB-5E214E92312C}"
EndProject
Project("{FAE04EC0-301F-11D3-BF4B-00C04F79EFBC}") = "graphy-master.Editor", "graphy-master.Editor.csproj", "{01D81378-827A-AC7D-C61E-23941B42B18C}"
EndProject
Global
	GlobalSection(SolutionConfigurationPlatforms) = preSolution
		Debug|Any CPU = Debug|Any CPU
		Release|Any CPU = Release|Any CPU
	EndGlobalSection
	GlobalSection(ProjectConfigurationPlatforms) = postSolution
		{FB34EA7F-1D0F-F959-3DDB-5E214E92312C}.Debug|Any CPU.ActiveCfg = Debug|Any CPU
		{FB34EA7F-1D0F-F959-3DDB-5E214E92312C}.Debug|Any CPU.Build.0 = Debug|Any CPU
		{FB34EA7F-1D0F-F959-3DDB-5E214E92312C}.Release|Any CPU.ActiveCfg = Release|Any CPU
		{FB34EA7F-1D0F-F959-3DDB-5E214E92312C}.Release|Any CPU.Build.0 = Release|Any CPU
		{01D81378-827A-AC7D-C61E-23941B42B18C}.Debug|Any CPU.ActiveCfg = Debug|Any CPU
		{01D81378-827A-AC7D-C61E-23941B42B18C}.Debug|Any CPU.Build.0 = Debug|Any CPU
		{01D81378-827A-AC7D-C61E-23941B42B18C}.Release|Any CPU.ActiveCfg = Release|Any CPU
		{01D81378-827A-AC7D-C61E-23941B42B18C}.Release|Any CPU.Build.0 = Release|Any CPU
	EndGlobalSection
	GlobalSection(SolutionProperties) = preSolution
		HideSolutionNode = FALSE
	EndGlobalSection
EndGlobal
